{
  "lockfileVersion": 1,
  "configVersion": 1,
  "workspaces": {
    "": {
      "dependencies": {
        "@slack/webhook": "^8.0.0",
        "@types/node": "^26.1.1",
      },
      "devDependencies": {
        "bun-types": "^1.3.14",
      },
    },
  },
  "packages": {
    "@slack/types": ["@slack/types@3.0.0", "https://npm.autodesk.com/artifactory/api/npm/npm-remote/@slack/types/-/types-3.0.0.tgz", {}, "sha512-KNOqpnNAlsFt5Jk9XBclslQ0lobRIg/0tnhpmvZJAglHJx9E8oceN8hC3gaBzkR6UzQ9Wzq4rLsJ98wUcxWPfw=="],

    "@slack/webhook": ["@slack/webhook@8.0.0", "https://npm.autodesk.com/artifactory/api/npm/npm-remote/@slack/webhook/-/webhook-8.0.0.tgz", { "dependencies": { "@slack/types": "^3.0.0", "@types/node": ">=20", "@types/retry": "0.12.0", "p-retry": "^4", "retry": "^0.13.1" } }, "sha512-j3VhO6u1rZYDvY2LXDzymGQGHW4NqWLyKkOgrXeE20CsrI39j0E5gHuss+PgVDqSBx4OTUKccF/Vcm9ICC4S5w=="],

    "@types/node": ["@types/node@26.1.1", "https://npm.autodesk.com/artifactory/api/npm/npm-remote/@types/node/-/node-26.1.1.tgz", { "dependencies": { "undici-types": "~8.3.0" } }, "sha512-nxAkRSVkN1Y0JC1W8ky/fTfkGsMmcrRsbx+3XoZE+rMOX71kLYTV7fLXpqud1GpbpP5TuffXFqfX7fH2GgZREw=="],

    "@types/retry": ["@types/retry@0.12.0", "https://npm.autodesk.com/artifactory/api/npm/npm-remote/@types/retry/-/retry-0.12.0.tgz", {}, "sha512-wWKOClTTiizcZhXnPY4wikVAwmdYHp8q6DmC+EJUzAMsycb7HB32Kh9RN4+0gExjmPmZSAQjgURXIGATPegAvA=="],

    "bun-types": ["bun-types@1.3.14", "https://npm.autodesk.com/artifactory/api/npm/npm-remote/bun-types/-/bun-types-1.3.14.tgz", { "dependencies": { "@types/node": "*" } }, "sha512-4N0ig0fEomHt5R0KCFWjovxow98rIoRwKolrYdCcknNwMekCXRnWEUvgu5soYV8QXtVsrUD8B95MBOZGPvr6KQ=="],

    "p-retry": ["p-retry@4.6.2", "https://npm.autodesk.com/artifactory/api/npm/npm-remote/p-retry/-/p-retry-4.6.2.tgz", { "dependencies": { "@types/retry": "0.12.0", "retry": "^0.13.1" } }, "sha512-312Id396EbJdvRONlngUx0NydfrIQ5lsYu0znKVUzVvArzEIt08V1qhtyESbGVd1FGX7UKtiFp5uwKZdM8wIuQ=="],

    "retry": ["retry@0.13.1", "https://npm.autodesk.com/artifactory/api/npm/npm-remote/retry/-/retry-0.13.1.tgz", {}, "sha512-XQBQ3I8W1Cge0Seh+6gjj03LbmRFWuoszgK9ooCpwYIrhhoO80pfq4cUkU5DkknwfOfFteRwlZ56PYOGYyFWdg=="],

    "undici-types": ["undici-types@8.3.0", "https://npm.autodesk.com/artifactory/api/npm/npm-remote/undici-types/-/undici-types-8.3.0.tgz", {}, "sha512-j375ScV60dom+YkPFIfTLcOiPxkN/buHz5GobjLhixFuANaNs3C9l4GmrWqejgXWJ7BbJcFYpTEUkS1Ge8bpZQ=="],
  }
}
